
Microsoft Visual Studio Solution File, Format Version 11.00
# Visual Studio 2010
Project("{FAE04EC0-301F-11D3-BF4B-00C04F79EFBC}") = "CHOOK_Game_Making_team-A", "Assembly-CSharp.csproj", "{027096F4-2F54-BEC0-39DD-C97AFCC2521E}"
EndProject
Project("{FAE04EC0-301F-11D3-BF4B-00C04F79EFBC}") = "CHOOK_Game_Making_team-A", "Assembly-CSharp-Editor.csproj", "{6C7B0923-81FE-FF6B-3B52-3E6B3903900D}"
EndProject
Global
	GlobalSection(SolutionConfigurationPlatforms) = preSolution
		Debug|Any CPU = Debug|Any CPU
		Release|Any CPU = Release|Any CPU
	EndGlobalSection
	GlobalSection(ProjectConfigurationPlatforms) = postSolution
		{027096F4-2F54-BEC0-39DD-C97AFCC2521E}.Debug|Any CPU.ActiveCfg = Debug|Any CPU
		{027096F4-2F54-BEC0-39DD-C97AFCC2521E}.Debug|Any CPU.Build.0 = Debug|Any CPU
		{027096F4-2F54-BEC0-39DD-C97AFCC2521E}.Release|Any CPU.ActiveCfg = Release|Any CPU
		{027096F4-2F54-BEC0-39DD-C97AFCC2521E}.Release|Any CPU.Build.0 = Release|Any CPU
		{6C7B0923-81FE-FF6B-3B52-3E6B3903900D}.Debug|Any CPU.ActiveCfg = Debug|Any CPU
		{6C7B0923-81FE-FF6B-3B52-3E6B3903900D}.Debug|Any CPU.Build.0 = Debug|Any CPU
		{6C7B0923-81FE-FF6B-3B52-3E6B3903900D}.Release|Any CPU.ActiveCfg = Release|Any CPU
		{6C7B0923-81FE-FF6B-3B52-3E6B3903900D}.Release|Any CPU.Build.0 = Release|Any CPU
	EndGlobalSection
	GlobalSection(SolutionProperties) = preSolution
		HideSolutionNode = FALSE
	EndGlobalSection
	GlobalSection(MonoDevelopProperties) = preSolution
		StartupItem = Assembly-CSharp.csproj
	EndGlobalSection
EndGlobal
